
Microsoft Visual Studio Solution File, Format Version 12.00
# Visual Studio Version 16
VisualStudioVersion = 16.0.30204.135
MinimumVisualStudioVersion = 10.0.40219.1
Project("{FAE04EC0-301F-11D3-BF4B-00C04F79EFBC}") = "Lab10_4InterfacesMusicPlayer", "Lab10_4InterfacesMusicPlayer.csproj", "{EFCDF5EF-4603-4EB1-B105-EA9F8483B34B}"
EndProject
Global
	GlobalSection(SolutionConfigurationPlatforms) = preSolution
		Debug|Any CPU = Debug|Any CPU
		Release|Any CPU = Release|Any CPU
	EndGlobalSection
	GlobalSection(ProjectConfigurationPlatforms) = postSolution
		{EFCDF5EF-4603-4EB1-B105-EA9F8483B34B}.Debug|Any CPU.ActiveCfg = Debug|Any CPU
		{EFCDF5EF-4603-4EB1-B105-EA9F8483B34B}.Debug|Any CPU.Build.0 = Debug|Any CPU
		{EFCDF5EF-4603-4EB1-B105-EA9F8483B34B}.Release|Any CPU.ActiveCfg = Release|Any CPU
		{EFCDF5EF-4603-4EB1-B105-EA9F8483B34B}.Release|Any CPU.Build.0 = Release|Any CPU
	EndGlobalSection
	GlobalSection(SolutionProperties) = preSolution
		HideSolutionNode = FALSE
	EndGlobalSection
	GlobalSection(ExtensibilityGlobals) = postSolution
		SolutionGuid = {E02E38ED-6E66-4EC3-9C27-CFA2A693F5EF}
	EndGlobalSection
EndGlobal
